
Microsoft Visual Studio Solution File, Format Version 12.00
# Visual Studio Version 16
VisualStudioVersion = 16.0.29728.190
MinimumVisualStudioVersion = 10.0.40219.1
Project("{FAE04EC0-301F-11D3-BF4B-00C04F79EFBC}") = "Lab_1_GUI", "Lab_1_GUI.csproj", "{DCD8A819-321F-44B7-B55F-F6C38471C674}"
EndProject
Project("{FAE04EC0-301F-11D3-BF4B-00C04F79EFBC}") = "GenerationLib", "..\Generation\GenerationLib.csproj", "{33A0F498-EC3F-4CF1-8011-DCD34FBEA2E7}"
EndProject
Project("{FAE04EC0-301F-11D3-BF4B-00C04F79EFBC}") = "SortingLib", "..\SortingLib\SortingLib.csproj", "{32377E06-FC3B-4058-98E4-D5E046838E6D}"
EndProject
Global
	GlobalSection(SolutionConfigurationPlatforms) = preSolution
		Debug|Any CPU = Debug|Any CPU
		Release|Any CPU = Release|Any CPU
	EndGlobalSection
	GlobalSection(ProjectConfigurationPlatforms) = postSolution
		{DCD8A819-321F-44B7-B55F-F6C38471C674}.Debug|Any CPU.ActiveCfg = Debug|Any CPU
		{DCD8A819-321F-44B7-B55F-F6C38471C674}.Debug|Any CPU.Build.0 = Debug|Any CPU
		{DCD8A819-321F-44B7-B55F-F6C38471C674}.Release|Any CPU.ActiveCfg = Release|Any CPU
		{DCD8A819-321F-44B7-B55F-F6C38471C674}.Release|Any CPU.Build.0 = Release|Any CPU
		{33A0F498-EC3F-4CF1-8011-DCD34FBEA2E7}.Debug|Any CPU.ActiveCfg = Debug|Any CPU
		{33A0F498-EC3F-4CF1-8011-DCD34FBEA2E7}.Debug|Any CPU.Build.0 = Debug|Any CPU
		{33A0F498-EC3F-4CF1-8011-DCD34FBEA2E7}.Release|Any CPU.ActiveCfg = Release|Any CPU
		{33A0F498-EC3F-4CF1-8011-DCD34FBEA2E7}.Release|Any CPU.Build.0 = Release|Any CPU
		{32377E06-FC3B-4058-98E4-D5E046838E6D}.Debug|Any CPU.ActiveCfg = Debug|Any CPU
		{32377E06-FC3B-4058-98E4-D5E046838E6D}.Debug|Any CPU.Build.0 = Debug|Any CPU
		{32377E06-FC3B-4058-98E4-D5E046838E6D}.Release|Any CPU.ActiveCfg = Release|Any CPU
		{32377E06-FC3B-4058-98E4-D5E046838E6D}.Release|Any CPU.Build.0 = Release|Any CPU
	EndGlobalSection
	GlobalSection(SolutionProperties) = preSolution
		HideSolutionNode = FALSE
	EndGlobalSection
	GlobalSection(ExtensibilityGlobals) = postSolution
		SolutionGuid = {55201A62-E609-4C44-897D-093EAE003CDD}
	EndGlobalSection
EndGlobal
